
Microsoft Visual Studio Solution File, Format Version 12.00
# Visual Studio Version 17
VisualStudioVersion = 17.2.32616.157
MinimumVisualStudioVersion = 10.0.40219.1
Project("{FAE04EC0-301F-11D3-BF4B-00C04F79EFBC}") = "GetItemFromTile", "GetItemFromTile.csproj", "{13AEC970-2722-458E-8773-7C273B89B176}"
EndProject
Global
	GlobalSection(SolutionConfigurationPlatforms) = preSolution
		Debug|Any CPU = Debug|Any CPU
		Release|Any CPU = Release|Any CPU
	EndGlobalSection
	GlobalSection(ProjectConfigurationPlatforms) = postSolution
		{13AEC970-2722-458E-8773-7C273B89B176}.Debug|Any CPU.ActiveCfg = Debug|Any CPU
		{13AEC970-2722-458E-8773-7C273B89B176}.Debug|Any CPU.Build.0 = Debug|Any CPU
		{13AEC970-2722-458E-8773-7C273B89B176}.Release|Any CPU.ActiveCfg = Release|Any CPU
		{13AEC970-2722-458E-8773-7C273B89B176}.Release|Any CPU.Build.0 = Release|Any CPU
	EndGlobalSection
	GlobalSection(SolutionProperties) = preSolution
		HideSolutionNode = FALSE
	EndGlobalSection
	GlobalSection(ExtensibilityGlobals) = postSolution
		SolutionGuid = {EB3B6B4B-9DB3-4564-85DD-A847B9B182F8}
	EndGlobalSection
EndGlobal
